// !$*UTF8*$!
{
	archiveVersion = 1;
	classes = {
	};
	objectVersion = 46;
	objects = {

/* Begin PBXBuildFile section */
		DE3316BE1A1FD82D006E724C /* AppDelegate.swift in Sources */ = {isa = PBXBuildFile; fileRef = DE3316BD1A1FD82D006E724C /* AppDelegate.swift */; };
		DE3316C01A1FD82D006E724C /* ViewController.swift in Sources */ = {isa = PBXBuildFile; fileRef = DE3316BF1A1FD82D006E724C /* ViewController.swift */; };
		DE3316C31A1FD82D006E724C /* Main.storyboard in Resources */ = {isa = PBXBuildFile; fileRef = DE3316C11A1FD82D006E724C /* Main.storyboard */; };
		DE3316C51A1FD82D006E724C /* Images.xcassets in Resources */ = {isa = PBXBuildFile; fileRef = DE3316C41A1FD82D006E724C /* Images.xcassets */; };
		DE3316C81A1FD82D006E724C /* LaunchScreen.xib in Resources */ = {isa = PBXBuildFile; fileRef = DE3316C61A1FD82D006E724C /* LaunchScreen.xib */; };
		DE3316D41A1FD82E006E724C /* BlueworldTests.swift in Sources */ = {isa = PBXBuildFile; fileRef = DE3316D31A1FD82E006E724C /* BlueworldTests.swift */; };
		DE3316DE1A1FD8DF006E724C /* BlueworldModel.swift in Sources */ = {isa = PBXBuildFile; fileRef = DE3316DD1A1FD8DF006E724C /* BlueworldModel.swift */; };
/* End PBXBuildFile section */

/* Begin PBXContainerItemProxy section */
		DE3316CE1A1FD82E006E724C /* PBXContainerItemProxy */ = {
			isa = PBXContainerItemProxy;
			containerPortal = DE3316B01A1FD82D006E724C /* Project object */;
			proxyType = 1;
			remoteGlobalIDString = DE3316B71A1FD82D006E724C;
			remoteInfo = Blueworld;
		};
/* End PBXContainerItemProxy section */

/* Begin PBXFileReference section */
		DE3316B81A1FD82D006E724C /* Blueworld.app */ = {isa = PBXFileReference; explicitFileType = wrapper.application; includeInIndex = 0; path = Blueworld.app; sourceTree = BUILT_PRODUCTS_DIR; };
		DE3316BC1A1FD82D006E724C /* Info.plist */ = {isa = PBXFileReference; lastKnownFileType = text.plist.xml; path = Info.plist; sourceTree = "<group>"; };
		DE3316BD1A1FD82D006E724C /* AppDelegate.swift */ = {isa = PBXFileReference; lastKnownFileType = sourcecode.swift; path = AppDelegate.swift; sourceTree = "<group>"; };
		DE3316BF1A1FD82D006E724C /* ViewController.swift */ = {isa = PBXFileReference; lastKnownFileType = sourcecode.swift; path = ViewController.swift; sourceTree = "<group>"; };
		DE3316C21A1FD82D006E724C /* Base */ = {isa = PBXFileReference; lastKnownFileType = file.storyboard; name = Base; path = Base.lproj/Main.storyboard; sourceTree = "<group>"; };
		DE3316C41A1FD82D006E724C /* Images.xcassets */ = {isa = PBXFileReference; lastKnownFileType = folder.assetcatalog; path = Images.xcassets; sourceTree = "<group>"; };
		DE3316C71A1FD82D006E724C /* Base */ = {isa = PBXFileReference; lastKnownFileType = file.xib; name = Base; path = Base.lproj/LaunchScreen.xib; sourceTree = "<group>"; };
		DE3316CD1A1FD82E006E724C /* BlueworldTests.xctest */ = {isa = PBXFileReference; explicitFileType = wrapper.cfbundle; includeInIndex = 0; path = BlueworldTests.xctest; sourceTree = BUILT_PRODUCTS_DIR; };
		DE3316D21A1FD82E006E724C /* Info.plist */ = {isa = PBXFileReference; lastKnownFileType = text.plist.xml; path = Info.plist; sourceTree = "<group>"; };
		DE3316D31A1FD82E006E724C /* BlueworldTests.swift */ = {isa = PBXFileReference; lastKnownFileType = sourcecode.swift; path = BlueworldTests.swift; sourceTree = "<group>"; };
		DE3316DD1A1FD8DF006E724C /* BlueworldModel.swift */ = {isa = PBXFileReference; fileEncoding = 4; lastKnownFileType = sourcecode.swift; path = BlueworldModel.swift; sourceTree = "<group>"; };
/* End PBXFileReference section */

/* Begin PBXFrameworksBuildPhase section */
		DE3316B51A1FD82D006E724C /* Frameworks */ = {
			isa = PBXFrameworksBuildPhase;
			buildActionMask = 2147483647;
			files = (
			);
			runOnlyForDeploymentPostprocessing = 0;
		};
		DE3316CA1A1FD82E006E724C /* Frameworks */ = {
			isa = PBXFrameworksBuildPhase;
			buildActionMask = 2147483647;
			files = (
			);
			runOnlyForDeploymentPostprocessing = 0;
		};
/* End PBXFrameworksBuildPhase section */

/* Begin PBXGroup section */
		DE3316AF1A1FD82D006E724C = {
			isa = PBXGroup;
			children = (
				DE3316DD1A1FD8DF006E724C /* BlueworldModel.swift */,
				DE3316BA1A1FD82D006E724C /* Blueworld */,
				DE3316D01A1FD82E006E724C /* BlueworldTests */,
				DE3316B91A1FD82D006E724C /* Products */,
			);
			sourceTree = "<group>";
		};
		DE3316B91A1FD82D006E724C /* Products */ = {
			isa = PBXGroup;
			children = (
				DE3316B81A1FD82D006E724C /* Blueworld.app */,
				DE3316CD1A1FD82E006E724C /* BlueworldTests.xctest */,
			);
			name = Products;
			sourceTree = "<group>";
		};
		DE3316BA1A1FD82D006E724C /* Blueworld */ = {
			isa = PBXGroup;
			children = (
				DE3316BD1A1FD82D006E724C /* AppDelegate.swift */,
				DE3316BF1A1FD82D006E724C /* ViewController.swift */,
				DE3316C11A1FD82D006E724C /* Main.storyboard */,
				DE3316C41A1FD82D006E724C /* Images.xcassets */,
				DE3316C61A1FD82D006E724C /* LaunchScreen.xib */,
				DE3316BB1A1FD82D006E724C /* Supporting Files */,
			);
			path = Blueworld;
			sourceTree = "<group>";
		};
		DE3316BB1A1FD82D006E724C /* Supporting Files */ = {
			isa = PBXGroup;
			children = (
				DE3316BC1A1FD82D006E724C /* Info.plist */,
			);
			name = "Supporting Files";
			sourceTree = "<group>";
		};
		DE3316D01A1FD82E006E724C /* BlueworldTests */ = {
			isa = PBXGroup;
			children = (
				DE3316D31A1FD82E006E724C /* BlueworldTests.swift */,
				DE3316D11A1FD82E006E724C /* Supporting Files */,
			);
			path = BlueworldTests;
			sourceTree = "<group>";
		};
		DE3316D11A1FD82E006E724C /* Supporting Files */ = {
			isa = PBXGroup;
			children = (
				DE3316D21A1FD82E006E724C /* Info.plist */,
			);
			name = "Supporting Files";
			sourceTree = "<group>";
		};
/* End PBXGroup section */

/* Begin PBXNativeTarget section */
		DE3316B71A1FD82D006E724C /* Blueworld */ = {
			isa = PBXNativeTarget;
			buildConfigurationList = DE3316D71A1FD82E006E724C /* Build configuration list for PBXNativeTarget "Blueworld" */;
			buildPhases = (
				DE3316B41A1FD82D006E724C /* Sources */,
				DE3316B51A1FD82D006E724C /* Frameworks */,
				DE3316B61A1FD82D006E724C /* Resources */,
			);
			buildRules = (
			);
			dependencies = (
			);
			name = Blueworld;
			productName = Blueworld;
			productReference = DE3316B81A1FD82D006E724C /* Blueworld.app */;
			productType = "com.apple.product-type.application";
		};
		DE3316CC1A1FD82E006E724C /* BlueworldTests */ = {
			isa = PBXNativeTarget;
			buildConfigurationList = DE3316DA1A1FD82E006E724C /* Build configuration list for PBXNativeTarget "BlueworldTests" */;
			buildPhases = (
				DE3316C91A1FD82E006E724C /* Sources */,
				DE3316CA1A1FD82E006E724C /* Frameworks */,
				DE3316CB1A1FD82E006E724C /* Resources */,
			);
			buildRules = (
			);
			dependencies = (
				DE3316CF1A1FD82E006E724C /* PBXTargetDependency */,
			);
			name = BlueworldTests;
			productName = BlueworldTests;
			productReference = DE3316CD1A1FD82E006E724C /* BlueworldTests.xctest */;
			productType = "com.apple.product-type.bundle.unit-test";
		};
/* End PBXNativeTarget section */

/* Begin PBXProject section */
		DE3316B01A1FD82D006E724C /* Project object */ = {
			isa = PBXProject;
			attributes = {
				LastUpgradeCheck = 0610;
				ORGANIZATIONNAME = "Andrew Ash";
				TargetAttributes = {
					DE3316B71A1FD82D006E724C = {
						CreatedOnToolsVersion = 6.1;
					};
					DE3316CC1A1FD82E006E724C = {
						CreatedOnToolsVersion = 6.1;
						TestTargetID = DE3316B71A1FD82D006E724C;
					};
				};
			};
			buildConfigurationList = DE3316B31A1FD82D006E724C /* Build configuration list for PBXProject "Blueworld" */;
			compatibilityVersion = "Xcode 3.2";
			developmentRegion = English;
			hasScannedForEncodings = 0;
			knownRegions = (
				en,
				Base,
			);
			mainGroup = DE3316AF1A1FD82D006E724C;
			productRefGroup = DE3316B91A1FD82D006E724C /* Products */;
			projectDirPath = "";
			projectRoot = "";
			targets = (
				DE3316B71A1FD82D006E724C /* Blueworld */,
				DE3316CC1A1FD82E006E724C /* BlueworldTests */,
			);
		};
/* End PBXProject section */

/* Begin PBXResourcesBuildPhase section */
		DE3316B61A1FD82D006E724C /* Resources */ = {
			isa = PBXResourcesBuildPhase;
			buildActionMask = 2147483647;
			files = (
				DE3316C31A1FD82D006E724C /* Main.storyboard in Resources */,
				DE3316C81A1FD82D006E724C /* LaunchScreen.xib in Resources */,
				DE3316C51A1FD82D006E724C /* Images.xcassets in Resources */,
			);
			runOnlyForDeploymentPostprocessing = 0;
		};
		DE3316CB1A1FD82E006E724C /* Resources */ = {
			isa = PBXResourcesBuildPhase;
			buildActionMask = 2147483647;
			files = (
			);
			runOnlyForDeploymentPostprocessing = 0;
		};
/* End PBXResourcesBuildPhase section */

/* Begin PBXSourcesBuildPhase section */
		DE3316B41A1FD82D006E724C /* Sources */ = {
			isa = PBXSourcesBuildPhase;
			buildActionMask = 2147483647;
			files = (
				DE3316DE1A1FD8DF006E724C /* BlueworldModel.swift in Sources */,
				DE3316C01A1FD82D006E724C /* ViewController.swift in Sources */,
				DE3316BE1A1FD82D006E724C /* AppDelegate.swift in Sources */,
			);
			runOnlyForDeploymentPostprocessing = 0;
		};
		DE3316C91A1FD82E006E724C /* Sources */ = {
			isa = PBXSourcesBuildPhase;
			buildActionMask = 2147483647;
			files = (
				DE3316D41A1FD82E006E724C /* BlueworldTests.swift in Sources */,
			);
			runOnlyForDeploymentPostprocessing = 0;
		};
/* End PBXSourcesBuildPhase section */

/* Begin PBXTargetDependency section */
		DE3316CF1A1FD82E006E724C /* PBXTargetDependency */ = {
			isa = PBXTargetDependency;
			target = DE3316B71A1FD82D006E724C /* Blueworld */;
			targetProxy = DE3316CE1A1FD82E006E724C /* PBXContainerItemProxy */;
		};
/* End PBXTargetDependency section */

/* Begin PBXVariantGroup section */
		DE3316C11A1FD82D006E724C /* Main.storyboard */ = {
			isa = PBXVariantGroup;
			children = (
				DE3316C21A1FD82D006E724C /* Base */,
			);
			name = Main.storyboard;
			sourceTree = "<group>";
		};
		DE3316C61A1FD82D006E724C /* LaunchScreen.xib */ = {
			isa = PBXVariantGroup;
			children = (
				DE3316C71A1FD82D006E724C /* Base */,
			);
			name = LaunchScreen.xib;
			sourceTree = "<group>";
		};
/* End PBXVariantGroup section */

/* Begin XCBuildConfiguration section */
		DE3316D51A1FD82E006E724C /* Debug */ = {
			isa = XCBuildConfiguration;
			buildSettings = {
				ALWAYS_SEARCH_USER_PATHS = NO;
				CLANG_CXX_LANGUAGE_STANDARD = "gnu++0x";
				CLANG_CXX_LIBRARY = "libc++";
				CLANG_ENABLE_MODULES = YES;
				CLANG_ENABLE_OBJC_ARC = YES;
				CLANG_WARN_BOOL_CONVERSION = YES;
				CLANG_WARN_CONSTANT_CONVERSION = YES;
				CLANG_WARN_DIRECT_OBJC_ISA_USAGE = YES_ERROR;
				CLANG_WARN_EMPTY_BODY = YES;
				CLANG_WARN_ENUM_CONVERSION = YES;
				CLANG_WARN_INT_CONVERSION = YES;
				CLANG_WARN_OBJC_ROOT_CLASS = YES_ERROR;
				CLANG_WARN_UNREACHABLE_CODE = YES;
				CLANG_WARN__DUPLICATE_METHOD_MATCH = YES;
				"CODE_SIGN_IDENTITY[sdk=iphoneos*]" = "iPhone Developer";
				COPY_PHASE_STRIP = NO;
				ENABLE_STRICT_OBJC_MSGSEND = YES;
				GCC_C_LANGUAGE_STANDARD = gnu99;
				GCC_DYNAMIC_NO_PIC = NO;
				GCC_OPTIMIZATION_LEVEL = 0;
				GCC_PREPROCESSOR_DEFINITIONS = (
					"DEBUG=1",
					"$(inherited)",
				);
				GCC_SYMBOLS_PRIVATE_EXTERN = NO;
				GCC_WARN_64_TO_32_BIT_CONVERSION = YES;
				GCC_WARN_ABOUT_RETURN_TYPE = YES_ERROR;
				GCC_WARN_UNDECLARED_SELECTOR = YES;
				GCC_WARN_UNINITIALIZED_AUTOS = YES_AGGRESSIVE;
				GCC_WARN_UNUSED_FUNCTION = YES;
				GCC_WARN_UNUSED_VARIABLE = YES;
				IPHONEOS_DEPLOYMENT_TARGET = 8.1;
				MTL_ENABLE_DEBUG_INFO = YES;
				ONLY_ACTIVE_ARCH = YES;
				SDKROOT = iphoneos;
				SWIFT_OPTIMIZATION_LEVEL = "-Onone";
				TARGETED_DEVICE_FAMILY = "1,2";
			};
			name = Debug;
		};
		DE3316D61A1FD82E006E724C /* Release */ = {
			isa = XCBuildConfiguration;
			buildSettings = {
				ALWAYS_SEARCH_USER_PATHS = NO;
				CLANG_CXX_LANGUAGE_STANDARD = "gnu++0x";
				CLANG_CXX_LIBRARY = "libc++";
				CLANG_ENABLE_MODULES = YES;
				CLANG_ENABLE_OBJC_ARC = YES;
				CLANG_WARN_BOOL_CONVERSION = YES;
				CLANG_WARN_CONSTANT_CONVERSION = YES;
				CLANG_WARN_DIRECT_OBJC_ISA_USAGE = YES_ERROR;
				CLANG_WARN_EMPTY_BODY = YES;
				CLANG_WARN_ENUM_CONVERSION = YES;
				CLANG_WARN_INT_CONVERSION = YES;
				CLANG_WARN_OBJC_ROOT_CLASS = YES_ERROR;
				CLANG_WARN_UNREACHABLE_CODE = YES;
				CLANG_WARN__DUPLICATE_METHOD_MATCH = YES;
				"CODE_SIGN_IDENTITY[sdk=iphoneos*]" = "iPhone Developer";
				COPY_PHASE_STRIP = YES;
				ENABLE_NS_ASSERTIONS = NO;
				ENABLE_STRICT_OBJC_MSGSEND = YES;
				GCC_C_LANGUAGE_STANDARD = gnu99;
				GCC_WARN_64_TO_32_BIT_CONVERSION = YES;
				GCC_WARN_ABOUT_RETURN_TYPE = YES_ERROR;
				GCC_WARN_UNDECLARED_SELECTOR = YES;
				GCC_WARN_UNINITIALIZED_AUTOS = YES_AGGRESSIVE;
				GCC_WARN_UNUSED_FUNCTION = YES;
				GCC_WARN_UNUSED_VARIABLE = YES;
				IPHONEOS_DEPLOYMENT_TARGET = 8.1;
				MTL_ENABLE_DEBUG_INFO = NO;
				SDKROOT = iphoneos;
				TARGETED_DEVICE_FAMILY = "1,2";
				VALIDATE_PRODUCT = YES;
			};
			name = Release;
		};
		DE3316D81A1FD82E006E724C /* Debug */ = {
			isa = XCBuildConfiguration;
			buildSettings = {
				ASSETCATALOG_COMPILER_APPICON_NAME = AppIcon;
				INFOPLIST_FILE = Blueworld/Info.plist;
				LD_RUNPATH_SEARCH_PATHS = "$(inherited) @executable_path/Frameworks";
				PRODUCT_NAME = "$(TARGET_NAME)";
			};
			name = Debug;
		};
		DE3316D91A1FD82E006E724C /* Release */ = {
			isa = XCBuildConfiguration;
			buildSettings = {
				ASSETCATALOG_COMPILER_APPICON_NAME = AppIcon;
				INFOPLIST_FILE = Blueworld/Info.plist;
				LD_RUNPATH_SEARCH_PATHS = "$(inherited) @executable_path/Frameworks";
				PRODUCT_NAME = "$(TARGET_NAME)";
			};
			name = Release;
		};
		DE3316DB1A1FD82E006E724C /* Debug */ = {
			isa = XCBuildConfiguration;
			buildSettings = {
				BUNDLE_LOADER = "$(TEST_HOST)";
				FRAMEWORK_SEARCH_PATHS = (
					"$(SDKROOT)/Developer/Library/Frameworks",
					"$(inherited)",
				);
				GCC_PREPROCESSOR_DEFINITIONS = (
					"DEBUG=1",
					"$(inherited)",
				);
				INFOPLIST_FILE = BlueworldTests/Info.plist;
				LD_RUNPATH_SEARCH_PATHS = "$(inherited) @executable_path/Frameworks @loader_path/Frameworks";
				PRODUCT_NAME = "$(TARGET_NAME)";
				TEST_HOST = "$(BUILT_PRODUCTS_DIR)/Blueworld.app/Blueworld";
			};
			name = Debug;
		};
		DE3316DC1A1FD82E006E724C /* Release */ = {
			isa = XCBuildConfiguration;
			buildSettings = {
				BUNDLE_LOADER = "$(TEST_HOST)";
				FRAMEWORK_SEARCH_PATHS = (
					"$(SDKROOT)/Developer/Library/Frameworks",
					"$(inherited)",
				);
				INFOPLIST_FILE = BlueworldTests/Info.plist;
				LD_RUNPATH_SEARCH_PATHS = "$(inherited) @executable_path/Frameworks @loader_path/Frameworks";
				PRODUCT_NAME = "$(TARGET_NAME)";
				TEST_HOST = "$(BUILT_PRODUCTS_DIR)/Blueworld.app/Blueworld";
			};
			name = Release;
		};
/* End XCBuildConfiguration section */

/* Begin XCConfigurationList section */
		DE3316B31A1FD82D006E724C /* Build configuration list for PBXProject "Blueworld" */ = {
			isa = XCConfigurationList;
			buildConfigurations = (
				DE3316D51A1FD82E006E724C /* Debug */,
				DE3316D61A1FD82E006E724C /* Release */,
			);
			defaultConfigurationIsVisible = 0;
			defaultConfigurationName = Release;
		};
		DE3316D71A1FD82E006E724C /* Build configuration list for PBXNativeTarget "Blueworld" */ = {
			isa = XCConfigurationList;
			buildConfigurations = (
				DE3316D81A1FD82E006E724C /* Debug */,
				DE3316D91A1FD82E006E724C /* Release */,
			);
			defaultConfigurationIsVisible = 0;
		};
		DE3316DA1A1FD82E006E724C /* Build configuration list for PBXNativeTarget "BlueworldTests" */ = {
			isa = XCConfigurationList;
			buildConfigurations = (
				DE3316DB1A1FD82E006E724C /* Debug */,
				DE3316DC1A1FD82E006E724C /* Release */,
			);
			defaultConfigurationIsVisible = 0;
		};
/* End XCConfigurationList section */
	};
	rootObject = DE3316B01A1FD82D006E724C /* Project object */;
}
